
Microsoft Visual Studio Solution File, Format Version 12.00
# Visual Studio 15
VisualStudioVersion = 15.0.27428.2015
MinimumVisualStudioVersion = 10.0.40219.1
Project("{FAE04EC0-301F-11D3-BF4B-00C04F79EFBC}") = "Domashka", "Domashka\Domashka.csproj", "{3AA19AAA-BA9C-44EA-9DC4-CBD0990C6497}"
EndProject
Project("{2150E333-8FDC-42A3-9474-1A3956D46DE8}") = "Threads", "Threads", "{5D7546FE-573E-4FA5-A923-B0F7431324EA}"
EndProject
Project("{FAE04EC0-301F-11D3-BF4B-00C04F79EFBC}") = "WriteToFiles", "WriteToFiles\WriteToFiles.csproj", "{ACD89A41-6395-40AD-B676-E0A9F5D2976F}"
EndProject
Project("{FAE04EC0-301F-11D3-BF4B-00C04F79EFBC}") = "SemaphorePool", "SemaphorePool\SemaphorePool.csproj", "{E0157E72-52A9-4263-970D-DEA1CB104505}"
EndProject
Project("{FAE04EC0-301F-11D3-BF4B-00C04F79EFBC}") = "MutexApp", "MutexApp\MutexApp.csproj", "{9A0AD76C-4858-4DAC-9D9A-D9F9CEF17139}"
EndProject
Global
	GlobalSection(SolutionConfigurationPlatforms) = preSolution
		Debug|Any CPU = Debug|Any CPU
		Release|Any CPU = Release|Any CPU
	EndGlobalSection
	GlobalSection(ProjectConfigurationPlatforms) = postSolution
		{3AA19AAA-BA9C-44EA-9DC4-CBD0990C6497}.Debug|Any CPU.ActiveCfg = Debug|Any CPU
		{3AA19AAA-BA9C-44EA-9DC4-CBD0990C6497}.Debug|Any CPU.Build.0 = Debug|Any CPU
		{3AA19AAA-BA9C-44EA-9DC4-CBD0990C6497}.Release|Any CPU.ActiveCfg = Release|Any CPU
		{3AA19AAA-BA9C-44EA-9DC4-CBD0990C6497}.Release|Any CPU.Build.0 = Release|Any CPU
		{ACD89A41-6395-40AD-B676-E0A9F5D2976F}.Debug|Any CPU.ActiveCfg = Debug|Any CPU
		{ACD89A41-6395-40AD-B676-E0A9F5D2976F}.Debug|Any CPU.Build.0 = Debug|Any CPU
		{ACD89A41-6395-40AD-B676-E0A9F5D2976F}.Release|Any CPU.ActiveCfg = Release|Any CPU
		{ACD89A41-6395-40AD-B676-E0A9F5D2976F}.Release|Any CPU.Build.0 = Release|Any CPU
		{E0157E72-52A9-4263-970D-DEA1CB104505}.Debug|Any CPU.ActiveCfg = Debug|Any CPU
		{E0157E72-52A9-4263-970D-DEA1CB104505}.Debug|Any CPU.Build.0 = Debug|Any CPU
		{E0157E72-52A9-4263-970D-DEA1CB104505}.Release|Any CPU.ActiveCfg = Release|Any CPU
		{E0157E72-52A9-4263-970D-DEA1CB104505}.Release|Any CPU.Build.0 = Release|Any CPU
		{9A0AD76C-4858-4DAC-9D9A-D9F9CEF17139}.Debug|Any CPU.ActiveCfg = Debug|Any CPU
		{9A0AD76C-4858-4DAC-9D9A-D9F9CEF17139}.Debug|Any CPU.Build.0 = Debug|Any CPU
		{9A0AD76C-4858-4DAC-9D9A-D9F9CEF17139}.Release|Any CPU.ActiveCfg = Release|Any CPU
		{9A0AD76C-4858-4DAC-9D9A-D9F9CEF17139}.Release|Any CPU.Build.0 = Release|Any CPU
	EndGlobalSection
	GlobalSection(SolutionProperties) = preSolution
		HideSolutionNode = FALSE
	EndGlobalSection
	GlobalSection(NestedProjects) = preSolution
		{3AA19AAA-BA9C-44EA-9DC4-CBD0990C6497} = {5D7546FE-573E-4FA5-A923-B0F7431324EA}
		{ACD89A41-6395-40AD-B676-E0A9F5D2976F} = {5D7546FE-573E-4FA5-A923-B0F7431324EA}
		{E0157E72-52A9-4263-970D-DEA1CB104505} = {5D7546FE-573E-4FA5-A923-B0F7431324EA}
		{9A0AD76C-4858-4DAC-9D9A-D9F9CEF17139} = {5D7546FE-573E-4FA5-A923-B0F7431324EA}
	EndGlobalSection
	GlobalSection(ExtensibilityGlobals) = postSolution
		SolutionGuid = {7B32FF10-18D8-4C59-A77C-50BC60BCB553}
	EndGlobalSection
EndGlobal
